
Microsoft Visual Studio Solution File, Format Version 12.00
# Visual Studio Version 16
VisualStudioVersion = 16.0.30114.105
MinimumVisualStudioVersion = 10.0.40219.1
Project("{FAE04EC0-301F-11D3-BF4B-00C04F79EFBC}") = "Application", "Application\Application.csproj", "{BC81AF03-6049-418E-95B4-9B1E63CFF038}"
EndProject
Project("{FAE04EC0-301F-11D3-BF4B-00C04F79EFBC}") = "API", "API\API.csproj", "{8301944A-50F5-4A55-8DE8-EA7A388FE27E}"
EndProject
Project("{FAE04EC0-301F-11D3-BF4B-00C04F79EFBC}") = "Domain", "Domain\Domain.csproj", "{EC977ED7-1554-41BF-B4D6-93384C6C121A}"
EndProject
Project("{FAE04EC0-301F-11D3-BF4B-00C04F79EFBC}") = "Persistence", "Persistence\Persistence.csproj", "{64D2D5BF-07BE-40A0-9E31-FFB87AAC9D90}"
EndProject
Global
	GlobalSection(SolutionConfigurationPlatforms) = preSolution
		Debug|Any CPU = Debug|Any CPU
		Debug|x64 = Debug|x64
		Debug|x86 = Debug|x86
		Release|Any CPU = Release|Any CPU
		Release|x64 = Release|x64
		Release|x86 = Release|x86
	EndGlobalSection
	GlobalSection(SolutionProperties) = preSolution
		HideSolutionNode = FALSE
	EndGlobalSection
	GlobalSection(ProjectConfigurationPlatforms) = postSolution
		{BC81AF03-6049-418E-95B4-9B1E63CFF038}.Debug|Any CPU.ActiveCfg = Debug|Any CPU
		{BC81AF03-6049-418E-95B4-9B1E63CFF038}.Debug|Any CPU.Build.0 = Debug|Any CPU
		{BC81AF03-6049-418E-95B4-9B1E63CFF038}.Debug|x64.ActiveCfg = Debug|Any CPU
		{BC81AF03-6049-418E-95B4-9B1E63CFF038}.Debug|x64.Build.0 = Debug|Any CPU
		{BC81AF03-6049-418E-95B4-9B1E63CFF038}.Debug|x86.ActiveCfg = Debug|Any CPU
		{BC81AF03-6049-418E-95B4-9B1E63CFF038}.Debug|x86.Build.0 = Debug|Any CPU
		{BC81AF03-6049-418E-95B4-9B1E63CFF038}.Release|Any CPU.ActiveCfg = Release|Any CPU
		{BC81AF03-6049-418E-95B4-9B1E63CFF038}.Release|Any CPU.Build.0 = Release|Any CPU
		{BC81AF03-6049-418E-95B4-9B1E63CFF038}.Release|x64.ActiveCfg = Release|Any CPU
		{BC81AF03-6049-418E-95B4-9B1E63CFF038}.Release|x64.Build.0 = Release|Any CPU
		{BC81AF03-6049-418E-95B4-9B1E63CFF038}.Release|x86.ActiveCfg = Release|Any CPU
		{BC81AF03-6049-418E-95B4-9B1E63CFF038}.Release|x86.Build.0 = Release|Any CPU
		{8301944A-50F5-4A55-8DE8-EA7A388FE27E}.Debug|Any CPU.ActiveCfg = Debug|Any CPU
		{8301944A-50F5-4A55-8DE8-EA7A388FE27E}.Debug|Any CPU.Build.0 = Debug|Any CPU
		{8301944A-50F5-4A55-8DE8-EA7A388FE27E}.Debug|x64.ActiveCfg = Debug|Any CPU
		{8301944A-50F5-4A55-8DE8-EA7A388FE27E}.Debug|x64.Build.0 = Debug|Any CPU
		{8301944A-50F5-4A55-8DE8-EA7A388FE27E}.Debug|x86.ActiveCfg = Debug|Any CPU
		{8301944A-50F5-4A55-8DE8-EA7A388FE27E}.Debug|x86.Build.0 = Debug|Any CPU
		{8301944A-50F5-4A55-8DE8-EA7A388FE27E}.Release|Any CPU.ActiveCfg = Release|Any CPU
		{8301944A-50F5-4A55-8DE8-EA7A388FE27E}.Release|Any CPU.Build.0 = Release|Any CPU
		{8301944A-50F5-4A55-8DE8-EA7A388FE27E}.Release|x64.ActiveCfg = Release|Any CPU
		{8301944A-50F5-4A55-8DE8-EA7A388FE27E}.Release|x64.Build.0 = Release|Any CPU
		{8301944A-50F5-4A55-8DE8-EA7A388FE27E}.Release|x86.ActiveCfg = Release|Any CPU
		{8301944A-50F5-4A55-8DE8-EA7A388FE27E}.Release|x86.Build.0 = Release|Any CPU
		{EC977ED7-1554-41BF-B4D6-93384C6C121A}.Debug|Any CPU.ActiveCfg = Debug|Any CPU
		{EC977ED7-1554-41BF-B4D6-93384C6C121A}.Debug|Any CPU.Build.0 = Debug|Any CPU
		{EC977ED7-1554-41BF-B4D6-93384C6C121A}.Debug|x64.ActiveCfg = Debug|Any CPU
		{EC977ED7-1554-41BF-B4D6-93384C6C121A}.Debug|x64.Build.0 = Debug|Any CPU
		{EC977ED7-1554-41BF-B4D6-93384C6C121A}.Debug|x86.ActiveCfg = Debug|Any CPU
		{EC977ED7-1554-41BF-B4D6-93384C6C121A}.Debug|x86.Build.0 = Debug|Any CPU
		{EC977ED7-1554-41BF-B4D6-93384C6C121A}.Release|Any CPU.ActiveCfg = Release|Any CPU
		{EC977ED7-1554-41BF-B4D6-93384C6C121A}.Release|Any CPU.Build.0 = Release|Any CPU
		{EC977ED7-1554-41BF-B4D6-93384C6C121A}.Release|x64.ActiveCfg = Release|Any CPU
		{EC977ED7-1554-41BF-B4D6-93384C6C121A}.Release|x64.Build.0 = Release|Any CPU
		{EC977ED7-1554-41BF-B4D6-93384C6C121A}.Release|x86.ActiveCfg = Release|Any CPU
		{EC977ED7-1554-41BF-B4D6-93384C6C121A}.Release|x86.Build.0 = Release|Any CPU
		{64D2D5BF-07BE-40A0-9E31-FFB87AAC9D90}.Debug|Any CPU.ActiveCfg = Debug|Any CPU
		{64D2D5BF-07BE-40A0-9E31-FFB87AAC9D90}.Debug|Any CPU.Build.0 = Debug|Any CPU
		{64D2D5BF-07BE-40A0-9E31-FFB87AAC9D90}.Debug|x64.ActiveCfg = Debug|Any CPU
		{64D2D5BF-07BE-40A0-9E31-FFB87AAC9D90}.Debug|x64.Build.0 = Debug|Any CPU
		{64D2D5BF-07BE-40A0-9E31-FFB87AAC9D90}.Debug|x86.ActiveCfg = Debug|Any CPU
		{64D2D5BF-07BE-40A0-9E31-FFB87AAC9D90}.Debug|x86.Build.0 = Debug|Any CPU
		{64D2D5BF-07BE-40A0-9E31-FFB87AAC9D90}.Release|Any CPU.ActiveCfg = Release|Any CPU
		{64D2D5BF-07BE-40A0-9E31-FFB87AAC9D90}.Release|Any CPU.Build.0 = Release|Any CPU
		{64D2D5BF-07BE-40A0-9E31-FFB87AAC9D90}.Release|x64.ActiveCfg = Release|Any CPU
		{64D2D5BF-07BE-40A0-9E31-FFB87AAC9D90}.Release|x64.Build.0 = Release|Any CPU
		{64D2D5BF-07BE-40A0-9E31-FFB87AAC9D90}.Release|x86.ActiveCfg = Release|Any CPU
		{64D2D5BF-07BE-40A0-9E31-FFB87AAC9D90}.Release|x86.Build.0 = Release|Any CPU
	EndGlobalSection
EndGlobal
